Microsoft Visual Studio Solution File, Format Version 12.00
# Visual Studio Version 17
VisualStudioVersion = 17.5.2.0
MinimumVisualStudioVersion = 10.0.40219.1
Project("{FAE04EC0-301F-11D3-BF4B-00C04F79EFBC}") = "LightingPractice", "LightingPractice\LightingPractice.csproj", "{24DBC24C-92CC-11EF-0AD6-088ADB4ED5DF}"
EndProject
Global
	GlobalSection(SolutionConfigurationPlatforms) = preSolution
		Debug|Any CPU = Debug|Any CPU
		Release|Any CPU = Release|Any CPU
	EndGlobalSection
	GlobalSection(ProjectConfigurationPlatforms) = postSolution
		{24DBC24C-92CC-11EF-0AD6-088ADB4ED5DF}.Debug|Any CPU.ActiveCfg = Debug|Any CPU
		{24DBC24C-92CC-11EF-0AD6-088ADB4ED5DF}.Debug|Any CPU.Build.0 = Debug|Any CPU
		{24DBC24C-92CC-11EF-0AD6-088ADB4ED5DF}.Release|Any CPU.ActiveCfg = Release|Any CPU
		{24DBC24C-92CC-11EF-0AD6-088ADB4ED5DF}.Release|Any CPU.Build.0 = Release|Any CPU
	EndGlobalSection
	GlobalSection(SolutionProperties) = preSolution
		HideSolutionNode = FALSE
	EndGlobalSection
	GlobalSection(ExtensibilityGlobals) = postSolution
		SolutionGuid = {828B1EB5-ED76-4BCD-ABC2-B2672AD3A8DA}
	EndGlobalSection
EndGlobal
